
Microsoft Visual Studio Solution File, Format Version 12.00
# Visual Studio Version 16
VisualStudioVersion = 16.0.30225.117
MinimumVisualStudioVersion = 10.0.40219.1
Project("{FAE04EC0-301F-11D3-BF4B-00C04F79EFBC}") = "SearchNewsProject", "SearchNewsProject\SearchNewsProject.csproj", "{C78F4C24-A287-4149-8E51-FC66AD1F6A9E}"
EndProject
Global
	GlobalSection(SolutionConfigurationPlatforms) = preSolution
		Debug|Any CPU = Debug|Any CPU
		Release|Any CPU = Release|Any CPU
	EndGlobalSection
	GlobalSection(ProjectConfigurationPlatforms) = postSolution
		{C78F4C24-A287-4149-8E51-FC66AD1F6A9E}.Debug|Any CPU.ActiveCfg = Debug|Any CPU
		{C78F4C24-A287-4149-8E51-FC66AD1F6A9E}.Debug|Any CPU.Build.0 = Debug|Any CPU
		{C78F4C24-A287-4149-8E51-FC66AD1F6A9E}.Release|Any CPU.ActiveCfg = Release|Any CPU
		{C78F4C24-A287-4149-8E51-FC66AD1F6A9E}.Release|Any CPU.Build.0 = Release|Any CPU
	EndGlobalSection
	GlobalSection(SolutionProperties) = preSolution
		HideSolutionNode = FALSE
	EndGlobalSection
	GlobalSection(ExtensibilityGlobals) = postSolution
		SolutionGuid = {F696FB03-E563-4E9E-BA14-CB44ED3CA3E0}
	EndGlobalSection
EndGlobal
